
Microsoft Visual Studio Solution File, Format Version 12.00
# Visual Studio Version 17
VisualStudioVersion = 17.2.32519.379
MinimumVisualStudioVersion = 10.0.40219.1
Project("{FAE04EC0-301F-11D3-BF4B-00C04F79EFBC}") = "Tugas_1_116", "Tugas_1_116\Tugas_1_116.csproj", "{5BFF0022-A6C1-48F4-B663-5009345EEF29}"
EndProject
Global
	GlobalSection(SolutionConfigurationPlatforms) = preSolution
		Debug|Any CPU = Debug|Any CPU
		Release|Any CPU = Release|Any CPU
	EndGlobalSection
	GlobalSection(ProjectConfigurationPlatforms) = postSolution
		{5BFF0022-A6C1-48F4-B663-5009345EEF29}.Debug|Any CPU.ActiveCfg = Debug|Any CPU
		{5BFF0022-A6C1-48F4-B663-5009345EEF29}.Debug|Any CPU.Build.0 = Debug|Any CPU
		{5BFF0022-A6C1-48F4-B663-5009345EEF29}.Release|Any CPU.ActiveCfg = Release|Any CPU
		{5BFF0022-A6C1-48F4-B663-5009345EEF29}.Release|Any CPU.Build.0 = Release|Any CPU
	EndGlobalSection
	GlobalSection(SolutionProperties) = preSolution
		HideSolutionNode = FALSE
	EndGlobalSection
	GlobalSection(ExtensibilityGlobals) = postSolution
		SolutionGuid = {725FC2C4-4CD5-41CC-9A81-9B3F5040FD49}
	EndGlobalSection
EndGlobal
